// !$*UTF8*$!
{
	archiveVersion = 1;
	classes = {
	};
	objectVersion = 50;
	objects = {

/* Begin PBXBuildFile section */
		09387B12FD70E3EC5E275FE2 /* libPods-NetRequestDemoTests.a in Frameworks */ = {isa = PBXBuildFile; fileRef = 2DD6890BF9E319321A2A8375 /* libPods-NetRequestDemoTests.a */; };
		122580E70F95872A8429D4DD /* libPods-NetRequestDemoUITests.a in Frameworks */ = {isa = PBXBuildFile; fileRef = 42CEEF00AF9FB830CDC5CBD1 /* libPods-NetRequestDemoUITests.a */; };
		24B6F5A67571056CC4DA6596 /* libPods-NetRequestDemo.a in Frameworks */ = {isa = PBXBuildFile; fileRef = B31469FBFB0587AEA36FF5DB /* libPods-NetRequestDemo.a */; };
		BC9367EA213D1D5000A25C11 /* AppDelegate.m in Sources */ = {isa = PBXBuildFile; fileRef = BC9367E9213D1D5000A25C11 /* AppDelegate.m */; };
		BC9367ED213D1D5000A25C11 /* ViewController.m in Sources */ = {isa = PBXBuildFile; fileRef = BC9367EC213D1D5000A25C11 /* ViewController.m */; };
		BC9367F0213D1D5000A25C11 /* Main.storyboard in Resources */ = {isa = PBXBuildFile; fileRef = BC9367EE213D1D5000A25C11 /* Main.storyboard */; };
		BC9367F2213D1D5200A25C11 /* Assets.xcassets in Resources */ = {isa = PBXBuildFile; fileRef = BC9367F1213D1D5200A25C11 /* Assets.xcassets */; };
		BC9367F5213D1D5200A25C11 /* LaunchScreen.storyboard in Resources */ = {isa = PBXBuildFile; fileRef = BC9367F3213D1D5200A25C11 /* LaunchScreen.storyboard */; };
		BC9367F8213D1D5200A25C11 /* main.m in Sources */ = {isa = PBXBuildFile; fileRef = BC9367F7213D1D5200A25C11 /* main.m */; };
		BC936802213D1D5200A25C11 /* NetRequestDemoTests.m in Sources */ = {isa = PBXBuildFile; fileRef = BC936801213D1D5200A25C11 /* NetRequestDemoTests.m */; };
		BC93680D213D1D5200A25C11 /* NetRequestDemoUITests.m in Sources */ = {isa = PBXBuildFile; fileRef = BC93680C213D1D5200A25C11 /* NetRequestDemoUITests.m */; };
		BC936824213D1FEC00A25C11 /* Reachability.m in Sources */ = {isa = PBXBuildFile; fileRef = BC93681B213D1FEB00A25C11 /* Reachability.m */; };
		BC936825213D1FEC00A25C11 /* WebService_Base.m in Sources */ = {isa = PBXBuildFile; fileRef = BC93681C213D1FEB00A25C11 /* WebService_Base.m */; };
		BC936826213D1FEC00A25C11 /* BaseResponse.m in Sources */ = {isa = PBXBuildFile; fileRef = BC93681D213D1FEB00A25C11 /* BaseResponse.m */; };
		BC936827213D1FEC00A25C11 /* NetWorkObserver.m in Sources */ = {isa = PBXBuildFile; fileRef = BC936822213D1FEB00A25C11 /* NetWorkObserver.m */; };
		BC936845213E600D00A25C11 /* ApplicationStateCode.strings in Resources */ = {isa = PBXBuildFile; fileRef = BC936847213E600D00A25C11 /* ApplicationStateCode.strings */; };
		BC93684B213E63D700A25C11 /* HttpStateCode.strings in Resources */ = {isa = PBXBuildFile; fileRef = BC93684D213E63D700A25C11 /* HttpStateCode.strings */; };
		BC936852213E67F300A25C11 /* YYLanguageTool.m in Sources */ = {isa = PBXBuildFile; fileRef = BC936851213E67F300A25C11 /* YYLanguageTool.m */; };
		BC936855213E6D9A00A25C11 /* WebService_Risk.m in Sources */ = {isa = PBXBuildFile; fileRef = BC936854213E6D9A00A25C11 /* WebService_Risk.m */; };
/* End PBXBuildFile section */

/* Begin PBXContainerItemProxy section */
		BC9367FE213D1D5200A25C11 /* PBXContainerItemProxy */ = {
			isa = PBXContainerItemProxy;
			containerPortal = BC9367DD213D1D5000A25C11 /* Project object */;
			proxyType = 1;
			remoteGlobalIDString = BC9367E4213D1D5000A25C11;
			remoteInfo = NetRequestDemo;
		};
		BC936809213D1D5200A25C11 /* PBXContainerItemProxy */ = {
			isa = PBXContainerItemProxy;
			containerPortal = BC9367DD213D1D5000A25C11 /* Project object */;
			proxyType = 1;
			remoteGlobalIDString = BC9367E4213D1D5000A25C11;
			remoteInfo = NetRequestDemo;
		};
/* End PBXContainerItemProxy section */

/* Begin PBXFileReference section */
		057E694407E32B8F2F972B42 /* Pods-NetRequestDemoTests.debug.xcconfig */ = {isa = PBXFileReference; includeInIndex = 1; lastKnownFileType = text.xcconfig; name = "Pods-NetRequestDemoTests.debug.xcconfig"; path = "Pods/Target Support Files/Pods-NetRequestDemoTests/Pods-NetRequestDemoTests.debug.xcconfig"; sourceTree = "<group>"; };
		2DD6890BF9E319321A2A8375 /* libPods-NetRequestDemoTests.a */ = {isa = PBXFileReference; explicitFileType = archive.ar; includeInIndex = 0; path = "libPods-NetRequestDemoTests.a"; sourceTree = BUILT_PRODUCTS_DIR; };
		39F0927C2FBE48E255D420C6 /* Pods-NetRequestDemoTests.release.xcconfig */ = {isa = PBXFileReference; includeInIndex = 1; lastKnownFileType = text.xcconfig; name = "Pods-NetRequestDemoTests.release.xcconfig"; path = "Pods/Target Support Files/Pods-NetRequestDemoTests/Pods-NetRequestDemoTests.release.xcconfig"; sourceTree = "<group>"; };
		42CEEF00AF9FB830CDC5CBD1 /* libPods-NetRequestDemoUITests.a */ = {isa = PBXFileReference; explicitFileType = archive.ar; includeInIndex = 0; path = "libPods-NetRequestDemoUITests.a"; sourceTree = BUILT_PRODUCTS_DIR; };
		8B695232B9D9467DB50CC8E8 /* Pods-NetRequestDemo.release.xcconfig */ = {isa = PBXFileReference; includeInIndex = 1; lastKnownFileType = text.xcconfig; name = "Pods-NetRequestDemo.release.xcconfig"; path = "Pods/Target Support Files/Pods-NetRequestDemo/Pods-NetRequestDemo.release.xcconfig"; sourceTree = "<group>"; };
		B263794D1B8FED9BAEC8C1A5 /* Pods-NetRequestDemo.debug.xcconfig */ = {isa = PBXFileReference; includeInIndex = 1; lastKnownFileType = text.xcconfig; name = "Pods-NetRequestDemo.debug.xcconfig"; path = "Pods/Target Support Files/Pods-NetRequestDemo/Pods-NetRequestDemo.debug.xcconfig"; sourceTree = "<group>"; };
		B31469FBFB0587AEA36FF5DB /* libPods-NetRequestDemo.a */ = {isa = PBXFileReference; explicitFileType = archive.ar; includeInIndex = 0; path = "libPods-NetRequestDemo.a"; sourceTree = BUILT_PRODUCTS_DIR; };
		BC9367E5213D1D5000A25C11 /* NetRequestDemo.app */ = {isa = PBXFileReference; explicitFileType = wrapper.application; includeInIndex = 0; path = NetRequestDemo.app; sourceTree = BUILT_PRODUCTS_DIR; };
		BC9367E8213D1D5000A25C11 /* AppDelegate.h */ = {isa = PBXFileReference; lastKnownFileType = sourcecode.c.h; path = AppDelegate.h; sourceTree = "<group>"; };
		BC9367E9213D1D5000A25C11 /* AppDelegate.m */ = {isa = PBXFileReference; lastKnownFileType = sourcecode.c.objc; path = AppDelegate.m; sourceTree = "<group>"; };
		BC9367EB213D1D5000A25C11 /* ViewController.h */ = {isa = PBXFileReference; lastKnownFileType = sourcecode.c.h; path = ViewController.h; sourceTree = "<group>"; };
		BC9367EC213D1D5000A25C11 /* ViewController.m */ = {isa = PBXFileReference; lastKnownFileType = sourcecode.c.objc; path = ViewController.m; sourceTree = "<group>"; };
		BC9367EF213D1D5000A25C11 /* Base */ = {isa = PBXFileReference; lastKnownFileType = file.storyboard; name = Base; path = Base.lproj/Main.storyboard; sourceTree = "<group>"; };
		BC9367F1213D1D5200A25C11 /* Assets.xcassets */ = {isa = PBXFileReference; lastKnownFileType = folder.assetcatalog; path = Assets.xcassets; sourceTree = "<group>"; };
		BC9367F4213D1D5200A25C11 /* Base */ = {isa = PBXFileReference; lastKnownFileType = file.storyboard; name = Base; path = Base.lproj/LaunchScreen.storyboard; sourceTree = "<group>"; };
		BC9367F6213D1D5200A25C11 /* Info.plist */ = {isa = PBXFileReference; lastKnownFileType = text.plist.xml; path = Info.plist; sourceTree = "<group>"; };
		BC9367F7213D1D5200A25C11 /* main.m */ = {isa = PBXFileReference; lastKnownFileType = sourcecode.c.objc; path = main.m; sourceTree = "<group>"; };
		BC9367FD213D1D5200A25C11 /* NetRequestDemoTests.xctest */ = {isa = PBXFileReference; explicitFileType = wrapper.cfbundle; includeInIndex = 0; path = NetRequestDemoTests.xctest; sourceTree = BUILT_PRODUCTS_DIR; };
		BC936801213D1D5200A25C11 /* NetRequestDemoTests.m */ = {isa = PBXFileReference; lastKnownFileType = sourcecode.c.objc; path = NetRequestDemoTests.m; sourceTree = "<group>"; };
		BC936803213D1D5200A25C11 /* Info.plist */ = {isa = PBXFileReference; lastKnownFileType = text.plist.xml; path = Info.plist; sourceTree = "<group>"; };
		BC936808213D1D5200A25C11 /* NetRequestDemoUITests.xctest */ = {isa = PBXFileReference; explicitFileType = wrapper.cfbundle; includeInIndex = 0; path = NetRequestDemoUITests.xctest; sourceTree = BUILT_PRODUCTS_DIR; };
		BC93680C213D1D5200A25C11 /* NetRequestDemoUITests.m */ = {isa = PBXFileReference; lastKnownFileType = sourcecode.c.objc; path = NetRequestDemoUITests.m; sourceTree = "<group>"; };
		BC93680E213D1D5200A25C11 /* Info.plist */ = {isa = PBXFileReference; lastKnownFileType = text.plist.xml; path = Info.plist; sourceTree = "<group>"; };
		BC93681B213D1FEB00A25C11 /* Reachability.m */ = {isa = PBXFileReference; fileEncoding = 4; lastKnownFileType = sourcecode.c.objc; path = Reachability.m; sourceTree = "<group>"; };
		BC93681C213D1FEB00A25C11 /* WebService_Base.m */ = {isa = PBXFileReference; fileEncoding = 4; lastKnownFileType = sourcecode.c.objc; path = WebService_Base.m; sourceTree = "<group>"; };
		BC93681D213D1FEB00A25C11 /* BaseResponse.m */ = {isa = PBXFileReference; fileEncoding = 4; lastKnownFileType = sourcecode.c.objc; path = BaseResponse.m; sourceTree = "<group>"; };
		BC93681E213D1FEB00A25C11 /* NetWorkObserver.h */ = {isa = PBXFileReference; fileEncoding = 4; lastKnownFileType = sourcecode.c.h; path = NetWorkObserver.h; sourceTree = "<group>"; };
		BC93681F213D1FEB00A25C11 /* ServerApiResponseCode.h */ = {isa = PBXFileReference; fileEncoding = 4; lastKnownFileType = sourcecode.c.h; path = ServerApiResponseCode.h; sourceTree = "<group>"; };
		BC936820213D1FEB00A25C11 /* Reachability.h */ = {isa = PBXFileReference; fileEncoding = 4; lastKnownFileType = sourcecode.c.h; path = Reachability.h; sourceTree = "<group>"; };
		BC936821213D1FEB00A25C11 /* WebService_Base.h */ = {isa = PBXFileReference; fileEncoding = 4; lastKnownFileType = sourcecode.c.h; path = WebService_Base.h; sourceTree = "<group>"; };
		BC936822213D1FEB00A25C11 /* NetWorkObserver.m */ = {isa = PBXFileReference; fileEncoding = 4; lastKnownFileType = sourcecode.c.objc; path = NetWorkObserver.m; sourceTree = "<group>"; };
		BC936823213D1FEB00A25C11 /* BaseResponse.h */ = {isa = PBXFileReference; fileEncoding = 4; lastKnownFileType = sourcecode.c.h; path = BaseResponse.h; sourceTree = "<group>"; };
		BC936828213D21C900A25C11 /* PrefixHeader.pch */ = {isa = PBXFileReference; lastKnownFileType = sourcecode.c.h; path = PrefixHeader.pch; sourceTree = "<group>"; };
		BC936846213E600D00A25C11 /* en */ = {isa = PBXFileReference; lastKnownFileType = text.plist.strings; name = en; path = en.lproj/ApplicationStateCode.strings; sourceTree = "<group>"; };
		BC936848213E601200A25C11 /* zh-Hans */ = {isa = PBXFileReference; lastKnownFileType = text.plist.strings; name = "zh-Hans"; path = "zh-Hans.lproj/ApplicationStateCode.strings"; sourceTree = "<group>"; };
		BC93684C213E63D700A25C11 /* en */ = {isa = PBXFileReference; lastKnownFileType = text.plist.strings; name = en; path = en.lproj/HttpStateCode.strings; sourceTree = "<group>"; };
		BC93684E213E63D800A25C11 /* zh-Hans */ = {isa = PBXFileReference; lastKnownFileType = text.plist.strings; name = "zh-Hans"; path = "zh-Hans.lproj/HttpStateCode.strings"; sourceTree = "<group>"; };
		BC936850213E67F300A25C11 /* YYLanguageTool.h */ = {isa = PBXFileReference; fileEncoding = 4; lastKnownFileType = sourcecode.c.h; path = YYLanguageTool.h; sourceTree = "<group>"; };
		BC936851213E67F300A25C11 /* YYLanguageTool.m */ = {isa = PBXFileReference; fileEncoding = 4; lastKnownFileType = sourcecode.c.objc; path = YYLanguageTool.m; sourceTree = "<group>"; };
		BC936853213E6D9A00A25C11 /* WebService_Risk.h */ = {isa = PBXFileReference; lastKnownFileType = sourcecode.c.h; path = WebService_Risk.h; sourceTree = "<group>"; };
		BC936854213E6D9A00A25C11 /* WebService_Risk.m */ = {isa = PBXFileReference; lastKnownFileType = sourcecode.c.objc; path = WebService_Risk.m; sourceTree = "<group>"; };
		C001A0EF90EC5C8F9C53A866 /* Pods-NetRequestDemoUITests.release.xcconfig */ = {isa = PBXFileReference; includeInIndex = 1; lastKnownFileType = text.xcconfig; name = "Pods-NetRequestDemoUITests.release.xcconfig"; path = "Pods/Target Support Files/Pods-NetRequestDemoUITests/Pods-NetRequestDemoUITests.release.xcconfig"; sourceTree = "<group>"; };
		DAADE5BC010609960DBD0B7E /* Pods-NetRequestDemoUITests.debug.xcconfig */ = {isa = PBXFileReference; includeInIndex = 1; lastKnownFileType = text.xcconfig; name = "Pods-NetRequestDemoUITests.debug.xcconfig"; path = "Pods/Target Support Files/Pods-NetRequestDemoUITests/Pods-NetRequestDemoUITests.debug.xcconfig"; sourceTree = "<group>"; };
/* End PBXFileReference section */

/* Begin PBXFrameworksBuildPhase section */
		BC9367E2213D1D5000A25C11 /* Frameworks */ = {
			isa = PBXFrameworksBuildPhase;
			buildActionMask = 2147483647;
			files = (
				24B6F5A67571056CC4DA6596 /* libPods-NetRequestDemo.a in Frameworks */,
			);
			runOnlyForDeploymentPostprocessing = 0;
		};
		BC9367FA213D1D5200A25C11 /* Frameworks */ = {
			isa = PBXFrameworksBuildPhase;
			buildActionMask = 2147483647;
			files = (
				09387B12FD70E3EC5E275FE2 /* libPods-NetRequestDemoTests.a in Frameworks */,
			);
			runOnlyForDeploymentPostprocessing = 0;
		};
		BC936805213D1D5200A25C11 /* Frameworks */ = {
			isa = PBXFrameworksBuildPhase;
			buildActionMask = 2147483647;
			files = (
				122580E70F95872A8429D4DD /* libPods-NetRequestDemoUITests.a in Frameworks */,
			);
			runOnlyForDeploymentPostprocessing = 0;
		};
/* End PBXFrameworksBuildPhase section */

/* Begin PBXGroup section */
		7219CC39B682B6FB766E325F /* Pods */ = {
			isa = PBXGroup;
			children = (
				B263794D1B8FED9BAEC8C1A5 /* Pods-NetRequestDemo.debug.xcconfig */,
				8B695232B9D9467DB50CC8E8 /* Pods-NetRequestDemo.release.xcconfig */,
				057E694407E32B8F2F972B42 /* Pods-NetRequestDemoTests.debug.xcconfig */,
				39F0927C2FBE48E255D420C6 /* Pods-NetRequestDemoTests.release.xcconfig */,
				DAADE5BC010609960DBD0B7E /* Pods-NetRequestDemoUITests.debug.xcconfig */,
				C001A0EF90EC5C8F9C53A866 /* Pods-NetRequestDemoUITests.release.xcconfig */,
			);
			name = Pods;
			sourceTree = "<group>";
		};
		BC9367DC213D1D5000A25C11 = {
			isa = PBXGroup;
			children = (
				BC9367E7213D1D5000A25C11 /* NetRequestDemo */,
				BC936800213D1D5200A25C11 /* NetRequestDemoTests */,
				BC93680B213D1D5200A25C11 /* NetRequestDemoUITests */,
				BC9367E6213D1D5000A25C11 /* Products */,
				7219CC39B682B6FB766E325F /* Pods */,
				E6760F57FC0A7EDED88C3AE9 /* Frameworks */,
			);
			sourceTree = "<group>";
		};
		BC9367E6213D1D5000A25C11 /* Products */ = {
			isa = PBXGroup;
			children = (
				BC9367E5213D1D5000A25C11 /* NetRequestDemo.app */,
				BC9367FD213D1D5200A25C11 /* NetRequestDemoTests.xctest */,
				BC936808213D1D5200A25C11 /* NetRequestDemoUITests.xctest */,
			);
			name = Products;
			sourceTree = "<group>";
		};
		BC9367E7213D1D5000A25C11 /* NetRequestDemo */ = {
			isa = PBXGroup;
			children = (
				BC93681A213D1FEB00A25C11 /* NetRequest */,
				BC9367E8213D1D5000A25C11 /* AppDelegate.h */,
				BC9367E9213D1D5000A25C11 /* AppDelegate.m */,
				BC9367EB213D1D5000A25C11 /* ViewController.h */,
				BC9367EC213D1D5000A25C11 /* ViewController.m */,
				BC936853213E6D9A00A25C11 /* WebService_Risk.h */,
				BC936854213E6D9A00A25C11 /* WebService_Risk.m */,
				BC936828213D21C900A25C11 /* PrefixHeader.pch */,
				BC9367EE213D1D5000A25C11 /* Main.storyboard */,
				BC9367F1213D1D5200A25C11 /* Assets.xcassets */,
				BC9367F3213D1D5200A25C11 /* LaunchScreen.storyboard */,
				BC9367F6213D1D5200A25C11 /* Info.plist */,
				BC9367F7213D1D5200A25C11 /* main.m */,
			);
			path = NetRequestDemo;
			sourceTree = "<group>";
		};
		BC936800213D1D5200A25C11 /* NetRequestDemoTests */ = {
			isa = PBXGroup;
			children = (
				BC936801213D1D5200A25C11 /* NetRequestDemoTests.m */,
				BC936803213D1D5200A25C11 /* Info.plist */,
			);
			path = NetRequestDemoTests;
			sourceTree = "<group>";
		};
		BC93680B213D1D5200A25C11 /* NetRequestDemoUITests */ = {
			isa = PBXGroup;
			children = (
				BC93680C213D1D5200A25C11 /* NetRequestDemoUITests.m */,
				BC93680E213D1D5200A25C11 /* Info.plist */,
			);
			path = NetRequestDemoUITests;
			sourceTree = "<group>";
		};
		BC93681A213D1FEB00A25C11 /* NetRequest */ = {
			isa = PBXGroup;
			children = (
				BC93684F213E67F300A25C11 /* YYLanguageTool */,
				BC93681F213D1FEB00A25C11 /* ServerApiResponseCode.h */,
				BC936823213D1FEB00A25C11 /* BaseResponse.h */,
				BC93681D213D1FEB00A25C11 /* BaseResponse.m */,
				BC93681E213D1FEB00A25C11 /* NetWorkObserver.h */,
				BC936822213D1FEB00A25C11 /* NetWorkObserver.m */,
				BC936820213D1FEB00A25C11 /* Reachability.h */,
				BC93681B213D1FEB00A25C11 /* Reachability.m */,
				BC936821213D1FEB00A25C11 /* WebService_Base.h */,
				BC93681C213D1FEB00A25C11 /* WebService_Base.m */,
				BC936847213E600D00A25C11 /* ApplicationStateCode.strings */,
				BC93684D213E63D700A25C11 /* HttpStateCode.strings */,
			);
			path = NetRequest;
			sourceTree = "<group>";
		};
		BC93684F213E67F300A25C11 /* YYLanguageTool */ = {
			isa = PBXGroup;
			children = (
				BC936850213E67F300A25C11 /* YYLanguageTool.h */,
				BC936851213E67F300A25C11 /* YYLanguageTool.m */,
			);
			path = YYLanguageTool;
			sourceTree = "<group>";
		};
		E6760F57FC0A7EDED88C3AE9 /* Frameworks */ = {
			isa = PBXGroup;
			children = (
				B31469FBFB0587AEA36FF5DB /* libPods-NetRequestDemo.a */,
				2DD6890BF9E319321A2A8375 /* libPods-NetRequestDemoTests.a */,
				42CEEF00AF9FB830CDC5CBD1 /* libPods-NetRequestDemoUITests.a */,
			);
			name = Frameworks;
			sourceTree = "<group>";
		};
/* End PBXGroup section */

/* Begin PBXNativeTarget section */
		BC9367E4213D1D5000A25C11 /* NetRequestDemo */ = {
			isa = PBXNativeTarget;
			buildConfigurationList = BC936811213D1D5200A25C11 /* Build configuration list for PBXNativeTarget "NetRequestDemo" */;
			buildPhases = (
				DB7E52D0C2558199A0239F3C /* [CP] Check Pods Manifest.lock */,
				BC9367E1213D1D5000A25C11 /* Sources */,
				BC9367E2213D1D5000A25C11 /* Frameworks */,
				BC9367E3213D1D5000A25C11 /* Resources */,
			);
			buildRules = (
			);
			dependencies = (
			);
			name = NetRequestDemo;
			productName = NetRequestDemo;
			productReference = BC9367E5213D1D5000A25C11 /* NetRequestDemo.app */;
			productType = "com.apple.product-type.application";
		};
		BC9367FC213D1D5200A25C11 /* NetRequestDemoTests */ = {
			isa = PBXNativeTarget;
			buildConfigurationList = BC936814213D1D5200A25C11 /* Build configuration list for PBXNativeTarget "NetRequestDemoTests" */;
			buildPhases = (
				C3E7D85C0E7FBEF27D5A573F /* [CP] Check Pods Manifest.lock */,
				BC9367F9213D1D5200A25C11 /* Sources */,
				BC9367FA213D1D5200A25C11 /* Frameworks */,
				BC9367FB213D1D5200A25C11 /* Resources */,
			);
			buildRules = (
			);
			dependencies = (
				BC9367FF213D1D5200A25C11 /* PBXTargetDependency */,
			);
			name = NetRequestDemoTests;
			productName = NetRequestDemoTests;
			productReference = BC9367FD213D1D5200A25C11 /* NetRequestDemoTests.xctest */;
			productType = "com.apple.product-type.bundle.unit-test";
		};
		BC936807213D1D5200A25C11 /* NetRequestDemoUITests */ = {
			isa = PBXNativeTarget;
			buildConfigurationList = BC936817213D1D5200A25C11 /* Build configuration list for PBXNativeTarget "NetRequestDemoUITests" */;
			buildPhases = (
				AF3EDC64809D66FFC551A49E /* [CP] Check Pods Manifest.lock */,
				BC936804213D1D5200A25C11 /* Sources */,
				BC936805213D1D5200A25C11 /* Frameworks */,
				BC936806213D1D5200A25C11 /* Resources */,
			);
			buildRules = (
			);
			dependencies = (
				BC93680A213D1D5200A25C11 /* PBXTargetDependency */,
			);
			name = NetRequestDemoUITests;
			productName = NetRequestDemoUITests;
			productReference = BC936808213D1D5200A25C11 /* NetRequestDemoUITests.xctest */;
			productType = "com.apple.product-type.bundle.ui-testing";
		};
/* End PBXNativeTarget section */

/* Begin PBXProject section */
		BC9367DD213D1D5000A25C11 /* Project object */ = {
			isa = PBXProject;
			attributes = {
				LastUpgradeCheck = 0930;
				ORGANIZATIONNAME = hengtiansoft;
				TargetAttributes = {
					BC9367E4213D1D5000A25C11 = {
						CreatedOnToolsVersion = 9.3.1;
					};
					BC9367FC213D1D5200A25C11 = {
						CreatedOnToolsVersion = 9.3.1;
						TestTargetID = BC9367E4213D1D5000A25C11;
					};
					BC936807213D1D5200A25C11 = {
						CreatedOnToolsVersion = 9.3.1;
						TestTargetID = BC9367E4213D1D5000A25C11;
					};
				};
			};
			buildConfigurationList = BC9367E0213D1D5000A25C11 /* Build configuration list for PBXProject "NetRequestDemo" */;
			compatibilityVersion = "Xcode 9.3";
			developmentRegion = en;
			hasScannedForEncodings = 0;
			knownRegions = (
				en,
				Base,
				"zh-Hans",
			);
			mainGroup = BC9367DC213D1D5000A25C11;
			productRefGroup = BC9367E6213D1D5000A25C11 /* Products */;
			projectDirPath = "";
			projectRoot = "";
			targets = (
				BC9367E4213D1D5000A25C11 /* NetRequestDemo */,
				BC9367FC213D1D5200A25C11 /* NetRequestDemoTests */,
				BC936807213D1D5200A25C11 /* NetRequestDemoUITests */,
			);
		};
/* End PBXProject section */

/* Begin PBXResourcesBuildPhase section */
		BC9367E3213D1D5000A25C11 /* Resources */ = {
			isa = PBXResourcesBuildPhase;
			buildActionMask = 2147483647;
			files = (
				BC93684B213E63D700A25C11 /* HttpStateCode.strings in Resources */,
				BC9367F5213D1D5200A25C11 /* LaunchScreen.storyboard in Resources */,
				BC936845213E600D00A25C11 /* ApplicationStateCode.strings in Resources */,
				BC9367F2213D1D5200A25C11 /* Assets.xcassets in Resources */,
				BC9367F0213D1D5000A25C11 /* Main.storyboard in Resources */,
			);
			runOnlyForDeploymentPostprocessing = 0;
		};
		BC9367FB213D1D5200A25C11 /* Resources */ = {
			isa = PBXResourcesBuildPhase;
			buildActionMask = 2147483647;
			files = (
			);
			runOnlyForDeploymentPostprocessing = 0;
		};
		BC936806213D1D5200A25C11 /* Resources */ = {
			isa = PBXResourcesBuildPhase;
			buildActionMask = 2147483647;
			files = (
			);
			runOnlyForDeploymentPostprocessing = 0;
		};
/* End PBXResourcesBuildPhase section */

/* Begin PBXShellScriptBuildPhase section */
		AF3EDC64809D66FFC551A49E /* [CP] Check Pods Manifest.lock */ = {
			isa = PBXShellScriptBuildPhase;
			buildActionMask = 2147483647;
			files = (
			);
			inputPaths = (
				"${PODS_PODFILE_DIR_PATH}/Podfile.lock",
				"${PODS_ROOT}/Manifest.lock",
			);
			name = "[CP] Check Pods Manifest.lock";
			outputPaths = (
				"$(DERIVED_FILE_DIR)/Pods-NetRequestDemoUITests-checkManifestLockResult.txt",
			);
			runOnlyForDeploymentPostprocessing = 0;
			shellPath = /bin/sh;
			shellScript = "diff \"${PODS_PODFILE_DIR_PATH}/Podfile.lock\" \"${PODS_ROOT}/Manifest.lock\" > /dev/null\nif [ $? != 0 ] ; then\n    # print error to STDERR\n    echo \"error: The sandbox is not in sync with the Podfile.lock. Run 'pod install' or update your CocoaPods installation.\" >&2\n    exit 1\nfi\n# This output is used by Xcode 'outputs' to avoid re-running this script phase.\necho \"SUCCESS\" > \"${SCRIPT_OUTPUT_FILE_0}\"\n";
			showEnvVarsInLog = 0;
		};
		C3E7D85C0E7FBEF27D5A573F /* [CP] Check Pods Manifest.lock */ = {
			isa = PBXShellScriptBuildPhase;
			buildActionMask = 2147483647;
			files = (
			);
			inputPaths = (
				"${PODS_PODFILE_DIR_PATH}/Podfile.lock",
				"${PODS_ROOT}/Manifest.lock",
			);
			name = "[CP] Check Pods Manifest.lock";
			outputPaths = (
				"$(DERIVED_FILE_DIR)/Pods-NetRequestDemoTests-checkManifestLockResult.txt",
			);
			runOnlyForDeploymentPostprocessing = 0;
			shellPath = /bin/sh;
			shellScript = "diff \"${PODS_PODFILE_DIR_PATH}/Podfile.lock\" \"${PODS_ROOT}/Manifest.lock\" > /dev/null\nif [ $? != 0 ] ; then\n    # print error to STDERR\n    echo \"error: The sandbox is not in sync with the Podfile.lock. Run 'pod install' or update your CocoaPods installation.\" >&2\n    exit 1\nfi\n# This output is used by Xcode 'outputs' to avoid re-running this script phase.\necho \"SUCCESS\" > \"${SCRIPT_OUTPUT_FILE_0}\"\n";
			showEnvVarsInLog = 0;
		};
		DB7E52D0C2558199A0239F3C /* [CP] Check Pods Manifest.lock */ = {
			isa = PBXShellScriptBuildPhase;
			buildActionMask = 2147483647;
			files = (
			);
			inputPaths = (
				"${PODS_PODFILE_DIR_PATH}/Podfile.lock",
				"${PODS_ROOT}/Manifest.lock",
			);
			name = "[CP] Check Pods Manifest.lock";
			outputPaths = (
				"$(DERIVED_FILE_DIR)/Pods-NetRequestDemo-checkManifestLockResult.txt",
			);
			runOnlyForDeploymentPostprocessing = 0;
			shellPath = /bin/sh;
			shellScript = "diff \"${PODS_PODFILE_DIR_PATH}/Podfile.lock\" \"${PODS_ROOT}/Manifest.lock\" > /dev/null\nif [ $? != 0 ] ; then\n    # print error to STDERR\n    echo \"error: The sandbox is not in sync with the Podfile.lock. Run 'pod install' or update your CocoaPods installation.\" >&2\n    exit 1\nfi\n# This output is used by Xcode 'outputs' to avoid re-running this script phase.\necho \"SUCCESS\" > \"${SCRIPT_OUTPUT_FILE_0}\"\n";
			showEnvVarsInLog = 0;
		};
/* End PBXShellScriptBuildPhase section */

/* Begin PBXSourcesBuildPhase section */
		BC9367E1213D1D5000A25C11 /* Sources */ = {
			isa = PBXSourcesBuildPhase;
			buildActionMask = 2147483647;
			files = (
				BC9367ED213D1D5000A25C11 /* ViewController.m in Sources */,
				BC936826213D1FEC00A25C11 /* BaseResponse.m in Sources */,
				BC936852213E67F300A25C11 /* YYLanguageTool.m in Sources */,
				BC936825213D1FEC00A25C11 /* WebService_Base.m in Sources */,
				BC9367F8213D1D5200A25C11 /* main.m in Sources */,
				BC936824213D1FEC00A25C11 /* Reachability.m in Sources */,
				BC9367EA213D1D5000A25C11 /* AppDelegate.m in Sources */,
				BC936827213D1FEC00A25C11 /* NetWorkObserver.m in Sources */,
				BC936855213E6D9A00A25C11 /* WebService_Risk.m in Sources */,
			);
			runOnlyForDeploymentPostprocessing = 0;
		};
		BC9367F9213D1D5200A25C11 /* Sources */ = {
			isa = PBXSourcesBuildPhase;
			buildActionMask = 2147483647;
			files = (
				BC936802213D1D5200A25C11 /* NetRequestDemoTests.m in Sources */,
			);
			runOnlyForDeploymentPostprocessing = 0;
		};
		BC936804213D1D5200A25C11 /* Sources */ = {
			isa = PBXSourcesBuildPhase;
			buildActionMask = 2147483647;
			files = (
				BC93680D213D1D5200A25C11 /* NetRequestDemoUITests.m in Sources */,
			);
			runOnlyForDeploymentPostprocessing = 0;
		};
/* End PBXSourcesBuildPhase section */

/* Begin PBXTargetDependency section */
		BC9367FF213D1D5200A25C11 /* PBXTargetDependency */ = {
			isa = PBXTargetDependency;
			target = BC9367E4213D1D5000A25C11 /* NetRequestDemo */;
			targetProxy = BC9367FE213D1D5200A25C11 /* PBXContainerItemProxy */;
		};
		BC93680A213D1D5200A25C11 /* PBXTargetDependency */ = {
			isa = PBXTargetDependency;
			target = BC9367E4213D1D5000A25C11 /* NetRequestDemo */;
			targetProxy = BC936809213D1D5200A25C11 /* PBXContainerItemProxy */;
		};
/* End PBXTargetDependency section */

/* Begin PBXVariantGroup section */
		BC9367EE213D1D5000A25C11 /* Main.storyboard */ = {
			isa = PBXVariantGroup;
			children = (
				BC9367EF213D1D5000A25C11 /* Base */,
			);
			name = Main.storyboard;
			sourceTree = "<group>";
		};
		BC9367F3213D1D5200A25C11 /* LaunchScreen.storyboard */ = {
			isa = PBXVariantGroup;
			children = (
				BC9367F4213D1D5200A25C11 /* Base */,
			);
			name = LaunchScreen.storyboard;
			sourceTree = "<group>";
		};
		BC936847213E600D00A25C11 /* ApplicationStateCode.strings */ = {
			isa = PBXVariantGroup;
			children = (
				BC936846213E600D00A25C11 /* en */,
				BC936848213E601200A25C11 /* zh-Hans */,
			);
			name = ApplicationStateCode.strings;
			sourceTree = "<group>";
		};
		BC93684D213E63D700A25C11 /* HttpStateCode.strings */ = {
			isa = PBXVariantGroup;
			children = (
				BC93684C213E63D700A25C11 /* en */,
				BC93684E213E63D800A25C11 /* zh-Hans */,
			);
			name = HttpStateCode.strings;
			sourceTree = "<group>";
		};
/* End PBXVariantGroup section */

/* Begin XCBuildConfiguration section */
		BC93680F213D1D5200A25C11 /* Debug */ = {
			isa = XCBuildConfiguration;
			buildSettings = {
				ALWAYS_SEARCH_USER_PATHS = NO;
				CLANG_ANALYZER_LOCALIZABILITY_NONLOCALIZED = YES;
				CLANG_ANALYZER_NONNULL = YES;
				CLANG_ANALYZER_NUMBER_OBJECT_CONVERSION = YES_AGGRESSIVE;
				CLANG_CXX_LANGUAGE_STANDARD = "gnu++14";
				CLANG_CXX_LIBRARY = "libc++";
				CLANG_ENABLE_MODULES = YES;
				CLANG_ENABLE_OBJC_ARC = YES;
				CLANG_ENABLE_OBJC_WEAK = YES;
				CLANG_WARN_BLOCK_CAPTURE_AUTORELEASING = YES;
				CLANG_WARN_BOOL_CONVERSION = YES;
				CLANG_WARN_COMMA = YES;
				CLANG_WARN_CONSTANT_CONVERSION = YES;
				CLANG_WARN_DEPRECATED_OBJC_IMPLEMENTATIONS = YES;
				CLANG_WARN_DIRECT_OBJC_ISA_USAGE = YES_ERROR;
				CLANG_WARN_DOCUMENTATION_COMMENTS = YES;
				CLANG_WARN_EMPTY_BODY = YES;
				CLANG_WARN_ENUM_CONVERSION = YES;
				CLANG_WARN_INFINITE_RECURSION = YES;
				CLANG_WARN_INT_CONVERSION = YES;
				CLANG_WARN_NON_LITERAL_NULL_CONVERSION = YES;
				CLANG_WARN_OBJC_IMPLICIT_RETAIN_SELF = YES;
				CLANG_WARN_OBJC_LITERAL_CONVERSION = YES;
				CLANG_WARN_OBJC_ROOT_CLASS = YES_ERROR;
				CLANG_WARN_RANGE_LOOP_ANALYSIS = YES;
				CLANG_WARN_STRICT_PROTOTYPES = YES;
				CLANG_WARN_SUSPICIOUS_MOVE = YES;
				CLANG_WARN_UNGUARDED_AVAILABILITY = YES_AGGRESSIVE;
				CLANG_WARN_UNREACHABLE_CODE = YES;
				CLANG_WARN__DUPLICATE_METHOD_MATCH = YES;
				CODE_SIGN_IDENTITY = "iPhone Developer";
				COPY_PHASE_STRIP = NO;
				DEBUG_INFORMATION_FORMAT = dwarf;
				ENABLE_STRICT_OBJC_MSGSEND = YES;
				ENABLE_TESTABILITY = YES;
				GCC_C_LANGUAGE_STANDARD = gnu11;
				GCC_DYNAMIC_NO_PIC = NO;
				GCC_NO_COMMON_BLOCKS = YES;
				GCC_OPTIMIZATION_LEVEL = 0;
				GCC_PREPROCESSOR_DEFINITIONS = (
					"DEBUG=1",
					"$(inherited)",
				);
				GCC_WARN_64_TO_32_BIT_CONVERSION = YES;
				GCC_WARN_ABOUT_RETURN_TYPE = YES_ERROR;
				GCC_WARN_UNDECLARED_SELECTOR = YES;
				GCC_WARN_UNINITIALIZED_AUTOS = YES_AGGRESSIVE;
				GCC_WARN_UNUSED_FUNCTION = YES;
				GCC_WARN_UNUSED_VARIABLE = YES;
				IPHONEOS_DEPLOYMENT_TARGET = 11.3;
				MTL_ENABLE_DEBUG_INFO = YES;
				ONLY_ACTIVE_ARCH = YES;
				SDKROOT = iphoneos;
			};
			name = Debug;
		};
		BC936810213D1D5200A25C11 /* Release */ = {
			isa = XCBuildConfiguration;
			buildSettings = {
				ALWAYS_SEARCH_USER_PATHS = NO;
				CLANG_ANALYZER_LOCALIZABILITY_NONLOCALIZED = YES;
				CLANG_ANALYZER_NONNULL = YES;
				CLANG_ANALYZER_NUMBER_OBJECT_CONVERSION = YES_AGGRESSIVE;
				CLANG_CXX_LANGUAGE_STANDARD = "gnu++14";
				CLANG_CXX_LIBRARY = "libc++";
				CLANG_ENABLE_MODULES = YES;
				CLANG_ENABLE_OBJC_ARC = YES;
				CLANG_ENABLE_OBJC_WEAK = YES;
				CLANG_WARN_BLOCK_CAPTURE_AUTORELEASING = YES;
				CLANG_WARN_BOOL_CONVERSION = YES;
				CLANG_WARN_COMMA = YES;
				CLANG_WARN_CONSTANT_CONVERSION = YES;
				CLANG_WARN_DEPRECATED_OBJC_IMPLEMENTATIONS = YES;
				CLANG_WARN_DIRECT_OBJC_ISA_USAGE = YES_ERROR;
				CLANG_WARN_DOCUMENTATION_COMMENTS = YES;
				CLANG_WARN_EMPTY_BODY = YES;
				CLANG_WARN_ENUM_CONVERSION = YES;
				CLANG_WARN_INFINITE_RECURSION = YES;
				CLANG_WARN_INT_CONVERSION = YES;
				CLANG_WARN_NON_LITERAL_NULL_CONVERSION = YES;
				CLANG_WARN_OBJC_IMPLICIT_RETAIN_SELF = YES;
				CLANG_WARN_OBJC_LITERAL_CONVERSION = YES;
				CLANG_WARN_OBJC_ROOT_CLASS = YES_ERROR;
				CLANG_WARN_RANGE_LOOP_ANALYSIS = YES;
				CLANG_WARN_STRICT_PROTOTYPES = YES;
				CLANG_WARN_SUSPICIOUS_MOVE = YES;
				CLANG_WARN_UNGUARDED_AVAILABILITY = YES_AGGRESSIVE;
				CLANG_WARN_UNREACHABLE_CODE = YES;
				CLANG_WARN__DUPLICATE_METHOD_MATCH = YES;
				CODE_SIGN_IDENTITY = "iPhone Developer";
				COPY_PHASE_STRIP = NO;
				DEBUG_INFORMATION_FORMAT = "dwarf-with-dsym";
				ENABLE_NS_ASSERTIONS = NO;
				ENABLE_STRICT_OBJC_MSGSEND = YES;
				GCC_C_LANGUAGE_STANDARD = gnu11;
				GCC_NO_COMMON_BLOCKS = YES;
				GCC_WARN_64_TO_32_BIT_CONVERSION = YES;
				GCC_WARN_ABOUT_RETURN_TYPE = YES_ERROR;
				GCC_WARN_UNDECLARED_SELECTOR = YES;
				GCC_WARN_UNINITIALIZED_AUTOS = YES_AGGRESSIVE;
				GCC_WARN_UNUSED_FUNCTION = YES;
				GCC_WARN_UNUSED_VARIABLE = YES;
				IPHONEOS_DEPLOYMENT_TARGET = 11.3;
				MTL_ENABLE_DEBUG_INFO = NO;
				SDKROOT = iphoneos;
				VALIDATE_PRODUCT = YES;
			};
			name = Release;
		};
		BC936812213D1D5200A25C11 /* Debug */ = {
			isa = XCBuildConfiguration;
			baseConfigurationReference = B263794D1B8FED9BAEC8C1A5 /* Pods-NetRequestDemo.debug.xcconfig */;
			buildSettings = {
				ASSETCATALOG_COMPILER_APPICON_NAME = AppIcon;
				CODE_SIGN_STYLE = Automatic;
				GCC_PRECOMPILE_PREFIX_HEADER = YES;
				GCC_PREFIX_HEADER = "$(SRCROOT)/NetRequestDemo/PrefixHeader.pch";
				INFOPLIST_FILE = NetRequestDemo/Info.plist;
				LD_RUNPATH_SEARCH_PATHS = (
					"$(inherited)",
					"@executable_path/Frameworks",
				);
				PRODUCT_BUNDLE_IDENTIFIER = com.yuyou.NetRequestDemo;
				PRODUCT_NAME = "$(TARGET_NAME)";
				TARGETED_DEVICE_FAMILY = "1,2";
			};
			name = Debug;
		};
		BC936813213D1D5200A25C11 /* Release */ = {
			isa = XCBuildConfiguration;
			baseConfigurationReference = 8B695232B9D9467DB50CC8E8 /* Pods-NetRequestDemo.release.xcconfig */;
			buildSettings = {
				ASSETCATALOG_COMPILER_APPICON_NAME = AppIcon;
				CODE_SIGN_STYLE = Automatic;
				GCC_PRECOMPILE_PREFIX_HEADER = YES;
				GCC_PREFIX_HEADER = "$(SRCROOT)/NetRequestDemo/PrefixHeader.pch";
				INFOPLIST_FILE = NetRequestDemo/Info.plist;
				LD_RUNPATH_SEARCH_PATHS = (
					"$(inherited)",
					"@executable_path/Frameworks",
				);
				PRODUCT_BUNDLE_IDENTIFIER = com.yuyou.NetRequestDemo;
				PRODUCT_NAME = "$(TARGET_NAME)";
				TARGETED_DEVICE_FAMILY = "1,2";
			};
			name = Release;
		};
		BC936815213D1D5200A25C11 /* Debug */ = {
			isa = XCBuildConfiguration;
			baseConfigurationReference = 057E694407E32B8F2F972B42 /* Pods-NetRequestDemoTests.debug.xcconfig */;
			buildSettings = {
				BUNDLE_LOADER = "$(TEST_HOST)";
				CODE_SIGN_STYLE = Automatic;
				INFOPLIST_FILE = NetRequestDemoTests/Info.plist;
				LD_RUNPATH_SEARCH_PATHS = (
					"$(inherited)",
					"@executable_path/Frameworks",
					"@loader_path/Frameworks",
				);
				PRODUCT_BUNDLE_IDENTIFIER = com.yuyou.NetRequestDemoTests;
				PRODUCT_NAME = "$(TARGET_NAME)";
				TARGETED_DEVICE_FAMILY = "1,2";
				TEST_HOST = "$(BUILT_PRODUCTS_DIR)/NetRequestDemo.app/NetRequestDemo";
			};
			name = Debug;
		};
		BC936816213D1D5200A25C11 /* Release */ = {
			isa = XCBuildConfiguration;
			baseConfigurationReference = 39F0927C2FBE48E255D420C6 /* Pods-NetRequestDemoTests.release.xcconfig */;
			buildSettings = {
				BUNDLE_LOADER = "$(TEST_HOST)";
				CODE_SIGN_STYLE = Automatic;
				INFOPLIST_FILE = NetRequestDemoTests/Info.plist;
				LD_RUNPATH_SEARCH_PATHS = (
					"$(inherited)",
					"@executable_path/Frameworks",
					"@loader_path/Frameworks",
				);
				PRODUCT_BUNDLE_IDENTIFIER = com.yuyou.NetRequestDemoTests;
				PRODUCT_NAME = "$(TARGET_NAME)";
				TARGETED_DEVICE_FAMILY = "1,2";
				TEST_HOST = "$(BUILT_PRODUCTS_DIR)/NetRequestDemo.app/NetRequestDemo";
			};
			name = Release;
		};
		BC936818213D1D5200A25C11 /* Debug */ = {
			isa = XCBuildConfiguration;
			baseConfigurationReference = DAADE5BC010609960DBD0B7E /* Pods-NetRequestDemoUITests.debug.xcconfig */;
			buildSettings = {
				CODE_SIGN_STYLE = Automatic;
				INFOPLIST_FILE = NetRequestDemoUITests/Info.plist;
				LD_RUNPATH_SEARCH_PATHS = (
					"$(inherited)",
					"@executable_path/Frameworks",
					"@loader_path/Frameworks",
				);
				PRODUCT_BUNDLE_IDENTIFIER = com.yuyou.NetRequestDemoUITests;
				PRODUCT_NAME = "$(TARGET_NAME)";
				TARGETED_DEVICE_FAMILY = "1,2";
				TEST_TARGET_NAME = NetRequestDemo;
			};
			name = Debug;
		};
		BC936819213D1D5200A25C11 /* Release */ = {
			isa = XCBuildConfiguration;
			baseConfigurationReference = C001A0EF90EC5C8F9C53A866 /* Pods-NetRequestDemoUITests.release.xcconfig */;
			buildSettings = {
				CODE_SIGN_STYLE = Automatic;
				INFOPLIST_FILE = NetRequestDemoUITests/Info.plist;
				LD_RUNPATH_SEARCH_PATHS = (
					"$(inherited)",
					"@executable_path/Frameworks",
					"@loader_path/Frameworks",
				);
				PRODUCT_BUNDLE_IDENTIFIER = com.yuyou.NetRequestDemoUITests;
				PRODUCT_NAME = "$(TARGET_NAME)";
				TARGETED_DEVICE_FAMILY = "1,2";
				TEST_TARGET_NAME = NetRequestDemo;
			};
			name = Release;
		};
/* End XCBuildConfiguration section */

/* Begin XCConfigurationList section */
		BC9367E0213D1D5000A25C11 /* Build configuration list for PBXProject "NetRequestDemo" */ = {
			isa = XCConfigurationList;
			buildConfigurations = (
				BC93680F213D1D5200A25C11 /* Debug */,
				BC936810213D1D5200A25C11 /* Release */,
			);
			defaultConfigurationIsVisible = 0;
			defaultConfigurationName = Release;
		};
		BC936811213D1D5200A25C11 /* Build configuration list for PBXNativeTarget "NetRequestDemo" */ = {
			isa = XCConfigurationList;
			buildConfigurations = (
				BC936812213D1D5200A25C11 /* Debug */,
				BC936813213D1D5200A25C11 /* Release */,
			);
			defaultConfigurationIsVisible = 0;
			defaultConfigurationName = Release;
		};
		BC936814213D1D5200A25C11 /* Build configuration list for PBXNativeTarget "NetRequestDemoTests" */ = {
			isa = XCConfigurationList;
			buildConfigurations = (
				BC936815213D1D5200A25C11 /* Debug */,
				BC936816213D1D5200A25C11 /* Release */,
			);
			defaultConfigurationIsVisible = 0;
			defaultConfigurationName = Release;
		};
		BC936817213D1D5200A25C11 /* Build configuration list for PBXNativeTarget "NetRequestDemoUITests" */ = {
			isa = XCConfigurationList;
			buildConfigurations = (
				BC936818213D1D5200A25C11 /* Debug */,
				BC936819213D1D5200A25C11 /* Release */,
			);
			defaultConfigurationIsVisible = 0;
			defaultConfigurationName = Release;
		};
/* End XCConfigurationList section */
	};
	rootObject = BC9367DD213D1D5000A25C11 /* Project object */;
}
